
Microsoft Visual Studio Solution File, Format Version 12.00
# Visual Studio 15
VisualStudioVersion = 15.0.28307.168
MinimumVisualStudioVersion = 10.0.40219.1
Project("{FAE04EC0-301F-11D3-BF4B-00C04F79EFBC}") = "XLShredLoader", "XLShredLoader\XLShredLoader.csproj", "{E17DFAF5-5ABD-4715-98B1-19B72039E732}"
EndProject
Project("{2150E333-8FDC-42A3-9474-1A3956D46DE8}") = "Solution Items", "Solution Items", "{BF66796B-46EC-4B28-AA1A-91E0C76A74CD}"
	ProjectSection(SolutionItems) = preProject
		.gitignore = .gitignore
		Info.json = Info.json
	EndProjectSection
EndProject
Global
	GlobalSection(SolutionConfigurationPlatforms) = preSolution
		Debug|Any CPU = Debug|Any CPU
		Release|Any CPU = Release|Any CPU
	EndGlobalSection
	GlobalSection(ProjectConfigurationPlatforms) = postSolution
		{E17DFAF5-5ABD-4715-98B1-19B72039E732}.Debug|Any CPU.ActiveCfg = Debug|Any CPU
		{E17DFAF5-5ABD-4715-98B1-19B72039E732}.Debug|Any CPU.Build.0 = Debug|Any CPU
		{E17DFAF5-5ABD-4715-98B1-19B72039E732}.Release|Any CPU.ActiveCfg = Release|Any CPU
		{E17DFAF5-5ABD-4715-98B1-19B72039E732}.Release|Any CPU.Build.0 = Release|Any CPU
	EndGlobalSection
	GlobalSection(SolutionProperties) = preSolution
		HideSolutionNode = FALSE
	EndGlobalSection
	GlobalSection(ExtensibilityGlobals) = postSolution
		SolutionGuid = {37B3D013-0124-4948-A004-934DC08D64C8}
	EndGlobalSection
EndGlobal
