
Microsoft Visual Studio Solution File, Format Version 12.00
# Visual Studio 15
VisualStudioVersion = 15.0.28307.168
MinimumVisualStudioVersion = 10.0.40219.1
Project("{2150E333-8FDC-42A3-9474-1A3956D46DE8}") = "Solution Items", "Solution Items", "{BF66796B-46EC-4B28-AA1A-91E0C76A74CD}"
	ProjectSection(SolutionItems) = preProject
		.gitignore = .gitignore
		config.json = config.json
		post_build.ps1 = post_build.ps1
		pre_build.ps1 = pre_build.ps1
	EndProjectSection
EndProject
Project("{FAE04EC0-301F-11D3-BF4B-00C04F79EFBC}") = "XLShredLib", "XLShredLib\XLShredLib.csproj", "{421325E5-D304-4B9B-B207-E511E4423F56}"
EndProject
Project("{FAE04EC0-301F-11D3-BF4B-00C04F79EFBC}") = "XLShredMenuMod", "XLShredMenuMod\XLShredMenuMod.csproj", "{1F40B834-E402-4DC0-8724-3C065F3BB83D}"
EndProject
Project("{FAE04EC0-301F-11D3-BF4B-00C04F79EFBC}") = "XLShredCustomGrindManualPop", "XLShredCustomGrindManualPop\XLShredCustomGrindManualPop.csproj", "{75B64D0F-0148-4DE7-BFF9-4C729EA124CC}"
EndProject
Project("{FAE04EC0-301F-11D3-BF4B-00C04F79EFBC}") = "XLShredFixedSlowmo", "XLShredFixedSlowmo\XLShredFixedSlowmo.csproj", "{21E90463-16DD-48F0-B616-D4078554E3C9}"
EndProject
Project("{FAE04EC0-301F-11D3-BF4B-00C04F79EFBC}") = "XLShredAutoSlowmo", "XLShredAutoSlowmo\XLShredAutoSlowmo.csproj", "{19192B0D-5B5B-44DF-A10F-CFDFA2E00E5D}"
EndProject
Project("{FAE04EC0-301F-11D3-BF4B-00C04F79EFBC}") = "XLShredFasterSpin", "XLShredFasterSpin\XLShredFasterSpin.csproj", "{D89910DF-3D84-4581-A7A8-5CC2B35B8A62}"
EndProject
Project("{FAE04EC0-301F-11D3-BF4B-00C04F79EFBC}") = "XLShredFlipMods", "XLShredFlipMods\XLShredFlipMods.csproj", "{DE658BAF-9EDF-4180-83C8-94C8F7C304FE}"
EndProject
Project("{FAE04EC0-301F-11D3-BF4B-00C04F79EFBC}") = "XLShredDynamicCamera", "XLShredDynamicCamera\XLShredDynamicCamera.csproj", "{047BDD9F-A429-4F99-BEC2-8C41E079BD19}"
EndProject
Project("{FAE04EC0-301F-11D3-BF4B-00C04F79EFBC}") = "XLShredPushSpeed", "XLShredPushSpeed\XLShredPushSpeed.csproj", "{AC9B5D6F-0231-4D85-8F15-3F0AC542A404}"
EndProject
Project("{FAE04EC0-301F-11D3-BF4B-00C04F79EFBC}") = "XLShredPopForce", "XLShredPopForce\XLShredPopForce.csproj", "{C0F1364D-A027-423D-9FF4-71A22D1622FA}"
EndProject
Project("{FAE04EC0-301F-11D3-BF4B-00C04F79EFBC}") = "XLShredObjectSpawner", "XLShredObjectSpawner\XLShredObjectSpawner.csproj", "{E17DFAF5-5ABD-4715-98B1-19B72039E732}"
EndProject
Global
	GlobalSection(SolutionConfigurationPlatforms) = preSolution
		Debug|Any CPU = Debug|Any CPU
		Release|Any CPU = Release|Any CPU
	EndGlobalSection
	GlobalSection(ProjectConfigurationPlatforms) = postSolution
		{421325E5-D304-4B9B-B207-E511E4423F56}.Debug|Any CPU.ActiveCfg = Debug|Any CPU
		{421325E5-D304-4B9B-B207-E511E4423F56}.Debug|Any CPU.Build.0 = Debug|Any CPU
		{421325E5-D304-4B9B-B207-E511E4423F56}.Release|Any CPU.ActiveCfg = Release|Any CPU
		{421325E5-D304-4B9B-B207-E511E4423F56}.Release|Any CPU.Build.0 = Release|Any CPU
		{1F40B834-E402-4DC0-8724-3C065F3BB83D}.Debug|Any CPU.ActiveCfg = Debug|Any CPU
		{1F40B834-E402-4DC0-8724-3C065F3BB83D}.Debug|Any CPU.Build.0 = Debug|Any CPU
		{1F40B834-E402-4DC0-8724-3C065F3BB83D}.Release|Any CPU.ActiveCfg = Release|Any CPU
		{1F40B834-E402-4DC0-8724-3C065F3BB83D}.Release|Any CPU.Build.0 = Release|Any CPU
		{75B64D0F-0148-4DE7-BFF9-4C729EA124CC}.Debug|Any CPU.ActiveCfg = Debug|Any CPU
		{75B64D0F-0148-4DE7-BFF9-4C729EA124CC}.Debug|Any CPU.Build.0 = Debug|Any CPU
		{75B64D0F-0148-4DE7-BFF9-4C729EA124CC}.Release|Any CPU.ActiveCfg = Release|Any CPU
		{75B64D0F-0148-4DE7-BFF9-4C729EA124CC}.Release|Any CPU.Build.0 = Release|Any CPU
		{21E90463-16DD-48F0-B616-D4078554E3C9}.Debug|Any CPU.ActiveCfg = Debug|Any CPU
		{21E90463-16DD-48F0-B616-D4078554E3C9}.Debug|Any CPU.Build.0 = Debug|Any CPU
		{21E90463-16DD-48F0-B616-D4078554E3C9}.Release|Any CPU.ActiveCfg = Release|Any CPU
		{21E90463-16DD-48F0-B616-D4078554E3C9}.Release|Any CPU.Build.0 = Release|Any CPU
		{19192B0D-5B5B-44DF-A10F-CFDFA2E00E5D}.Debug|Any CPU.ActiveCfg = Debug|Any CPU
		{19192B0D-5B5B-44DF-A10F-CFDFA2E00E5D}.Debug|Any CPU.Build.0 = Debug|Any CPU
		{19192B0D-5B5B-44DF-A10F-CFDFA2E00E5D}.Release|Any CPU.ActiveCfg = Release|Any CPU
		{19192B0D-5B5B-44DF-A10F-CFDFA2E00E5D}.Release|Any CPU.Build.0 = Release|Any CPU
		{D89910DF-3D84-4581-A7A8-5CC2B35B8A62}.Debug|Any CPU.ActiveCfg = Debug|Any CPU
		{D89910DF-3D84-4581-A7A8-5CC2B35B8A62}.Debug|Any CPU.Build.0 = Debug|Any CPU
		{D89910DF-3D84-4581-A7A8-5CC2B35B8A62}.Release|Any CPU.ActiveCfg = Release|Any CPU
		{D89910DF-3D84-4581-A7A8-5CC2B35B8A62}.Release|Any CPU.Build.0 = Release|Any CPU
		{DE658BAF-9EDF-4180-83C8-94C8F7C304FE}.Debug|Any CPU.ActiveCfg = Debug|Any CPU
		{DE658BAF-9EDF-4180-83C8-94C8F7C304FE}.Debug|Any CPU.Build.0 = Debug|Any CPU
		{DE658BAF-9EDF-4180-83C8-94C8F7C304FE}.Release|Any CPU.ActiveCfg = Release|Any CPU
		{DE658BAF-9EDF-4180-83C8-94C8F7C304FE}.Release|Any CPU.Build.0 = Release|Any CPU
		{047BDD9F-A429-4F99-BEC2-8C41E079BD19}.Debug|Any CPU.ActiveCfg = Debug|Any CPU
		{047BDD9F-A429-4F99-BEC2-8C41E079BD19}.Debug|Any CPU.Build.0 = Debug|Any CPU
		{047BDD9F-A429-4F99-BEC2-8C41E079BD19}.Release|Any CPU.ActiveCfg = Release|Any CPU
		{047BDD9F-A429-4F99-BEC2-8C41E079BD19}.Release|Any CPU.Build.0 = Release|Any CPU
		{AC9B5D6F-0231-4D85-8F15-3F0AC542A404}.Debug|Any CPU.ActiveCfg = Debug|Any CPU
		{AC9B5D6F-0231-4D85-8F15-3F0AC542A404}.Debug|Any CPU.Build.0 = Debug|Any CPU
		{AC9B5D6F-0231-4D85-8F15-3F0AC542A404}.Release|Any CPU.ActiveCfg = Release|Any CPU
		{AC9B5D6F-0231-4D85-8F15-3F0AC542A404}.Release|Any CPU.Build.0 = Release|Any CPU
		{C0F1364D-A027-423D-9FF4-71A22D1622FA}.Debug|Any CPU.ActiveCfg = Debug|Any CPU
		{C0F1364D-A027-423D-9FF4-71A22D1622FA}.Debug|Any CPU.Build.0 = Debug|Any CPU
		{C0F1364D-A027-423D-9FF4-71A22D1622FA}.Release|Any CPU.ActiveCfg = Release|Any CPU
		{C0F1364D-A027-423D-9FF4-71A22D1622FA}.Release|Any CPU.Build.0 = Release|Any CPU
		{E17DFAF5-5ABD-4715-98B1-19B72039E732}.Debug|Any CPU.ActiveCfg = Debug|Any CPU
		{E17DFAF5-5ABD-4715-98B1-19B72039E732}.Debug|Any CPU.Build.0 = Debug|Any CPU
		{E17DFAF5-5ABD-4715-98B1-19B72039E732}.Release|Any CPU.ActiveCfg = Release|Any CPU
		{E17DFAF5-5ABD-4715-98B1-19B72039E732}.Release|Any CPU.Build.0 = Release|Any CPU
	EndGlobalSection
	GlobalSection(SolutionProperties) = preSolution
		HideSolutionNode = FALSE
	EndGlobalSection
	GlobalSection(ExtensibilityGlobals) = postSolution
		SolutionGuid = {37B3D013-0124-4948-A004-934DC08D64C8}
	EndGlobalSection
EndGlobal
